// !$*UTF8*$!
{
	archiveVersion = 1;
	classes = {
	};
	objectVersion = 46;
	objects = {

/* Begin PBXBuildFile section */
		3C9D8F58BD30492C81BBCF0C /* libPods.a in Frameworks */ = {isa = PBXBuildFile; fileRef = 3892223C38FD4F87B2559965 /* libPods.a */; };
		463467AF198707D90018A419 /* AppDelegate.swift in Sources */ = {isa = PBXBuildFile; fileRef = 463467AE198707D90018A419 /* AppDelegate.swift */; };
		463467B1198707D90018A419 /* MainMenuViewController.swift in Sources */ = {isa = PBXBuildFile; fileRef = 463467B0198707D90018A419 /* MainMenuViewController.swift */; };
		463467B4198707D90018A419 /* Main.storyboard in Resources */ = {isa = PBXBuildFile; fileRef = 463467B2198707D90018A419 /* Main.storyboard */; };
		463467B6198707D90018A419 /* Images.xcassets in Resources */ = {isa = PBXBuildFile; fileRef = 463467B5198707D90018A419 /* Images.xcassets */; };
		463467C2198707D90018A419 /* CircoTests.swift in Sources */ = {isa = PBXBuildFile; fileRef = 463467C1198707D90018A419 /* CircoTests.swift */; };
		46664E451988820600C34462 /* ScanItemViewController.swift in Sources */ = {isa = PBXBuildFile; fileRef = 46664E441988820600C34462 /* ScanItemViewController.swift */; };
		46E7F3A8198F55B000EFCF68 /* AudioToolbox.framework in Frameworks */ = {isa = PBXBuildFile; fileRef = 46E7F392198F559600EFCF68 /* AudioToolbox.framework */; };
		46E7F3A9198F55B000EFCF68 /* CFNetwork.framework in Frameworks */ = {isa = PBXBuildFile; fileRef = 46E7F393198F559600EFCF68 /* CFNetwork.framework */; };
		46E7F3AA198F55B000EFCF68 /* CoreGraphics.framework in Frameworks */ = {isa = PBXBuildFile; fileRef = 46E7F394198F559600EFCF68 /* CoreGraphics.framework */; };
		46E7F3AB198F55B000EFCF68 /* CoreLocation.framework in Frameworks */ = {isa = PBXBuildFile; fileRef = 46E7F395198F559600EFCF68 /* CoreLocation.framework */; };
		46E7F3AC198F55B000EFCF68 /* libz.dylib in Frameworks */ = {isa = PBXBuildFile; fileRef = 46E7F396198F559600EFCF68 /* libz.dylib */; };
		46E7F3AD198F55B000EFCF68 /* MobileCoreServices.framework in Frameworks */ = {isa = PBXBuildFile; fileRef = 46E7F397198F559600EFCF68 /* MobileCoreServices.framework */; };
		46E7F3AE198F55B000EFCF68 /* Parse.framework in Frameworks */ = {isa = PBXBuildFile; fileRef = 46E7F398198F559600EFCF68 /* Parse.framework */; };
		46E7F3AF198F55B000EFCF68 /* QuartzCore.framework in Frameworks */ = {isa = PBXBuildFile; fileRef = 46E7F399198F559600EFCF68 /* QuartzCore.framework */; };
		46E7F3B0198F55B000EFCF68 /* Security.framework in Frameworks */ = {isa = PBXBuildFile; fileRef = 46E7F39A198F559600EFCF68 /* Security.framework */; };
		46E7F3B1198F55B000EFCF68 /* StoreKit.framework in Frameworks */ = {isa = PBXBuildFile; fileRef = 46E7F39B198F559600EFCF68 /* StoreKit.framework */; };
		46E7F3B2198F55B000EFCF68 /* SystemConfiguration.framework in Frameworks */ = {isa = PBXBuildFile; fileRef = 46E7F39C198F559600EFCF68 /* SystemConfiguration.framework */; };
/* End PBXBuildFile section */

/* Begin PBXContainerItemProxy section */
		463467BC198707D90018A419 /* PBXContainerItemProxy */ = {
			isa = PBXContainerItemProxy;
			containerPortal = 463467A1198707D90018A419 /* Project object */;
			proxyType = 1;
			remoteGlobalIDString = 463467A8198707D90018A419;
			remoteInfo = Circo;
		};
		46CA914E1988C78C009964EE /* PBXContainerItemProxy */ = {
			isa = PBXContainerItemProxy;
			containerPortal = 463467A1198707D90018A419 /* Project object */;
			proxyType = 1;
			remoteGlobalIDString = 463467A8198707D90018A419;
			remoteInfo = Circo;
		};
		46CA91501988C78C009964EE /* PBXContainerItemProxy */ = {
			isa = PBXContainerItemProxy;
			containerPortal = 463467A1198707D90018A419 /* Project object */;
			proxyType = 1;
			remoteGlobalIDString = 463467A8198707D90018A419;
			remoteInfo = Circo;
		};
/* End PBXContainerItemProxy section */

/* Begin PBXCopyFilesBuildPhase section */
		46EFDD58198988EE003B93DA /* Embed Frameworks */ = {
			isa = PBXCopyFilesBuildPhase;
			buildActionMask = 2147483647;
			dstPath = "";
			dstSubfolderSpec = 10;
			files = (
			);
			name = "Embed Frameworks";
			runOnlyForDeploymentPostprocessing = 0;
		};
/* End PBXCopyFilesBuildPhase section */

/* Begin PBXFileReference section */
		3892223C38FD4F87B2559965 /* libPods.a */ = {isa = PBXFileReference; explicitFileType = archive.ar; includeInIndex = 0; path = libPods.a; sourceTree = BUILT_PRODUCTS_DIR; };
		463467A9198707D90018A419 /* Circo.app */ = {isa = PBXFileReference; explicitFileType = wrapper.application; includeInIndex = 0; path = Circo.app; sourceTree = BUILT_PRODUCTS_DIR; };
		463467AD198707D90018A419 /* Info.plist */ = {isa = PBXFileReference; lastKnownFileType = text.plist.xml; path = Info.plist; sourceTree = "<group>"; };
		463467AE198707D90018A419 /* AppDelegate.swift */ = {isa = PBXFileReference; lastKnownFileType = sourcecode.swift; path = AppDelegate.swift; sourceTree = "<group>"; };
		463467B0198707D90018A419 /* MainMenuViewController.swift */ = {isa = PBXFileReference; lastKnownFileType = sourcecode.swift; path = MainMenuViewController.swift; sourceTree = "<group>"; };
		463467B3198707D90018A419 /* Base */ = {isa = PBXFileReference; lastKnownFileType = file.storyboard; name = Base; path = Base.lproj/Main.storyboard; sourceTree = "<group>"; };
		463467B5198707D90018A419 /* Images.xcassets */ = {isa = PBXFileReference; lastKnownFileType = folder.assetcatalog; path = Images.xcassets; sourceTree = "<group>"; };
		463467BB198707D90018A419 /* CircoTests.xctest */ = {isa = PBXFileReference; explicitFileType = wrapper.cfbundle; includeInIndex = 0; path = CircoTests.xctest; sourceTree = BUILT_PRODUCTS_DIR; };
		463467C0198707D90018A419 /* Info.plist */ = {isa = PBXFileReference; lastKnownFileType = text.plist.xml; path = Info.plist; sourceTree = "<group>"; };
		463467C1198707D90018A419 /* CircoTests.swift */ = {isa = PBXFileReference; lastKnownFileType = sourcecode.swift; path = CircoTests.swift; sourceTree = "<group>"; };
		46664E441988820600C34462 /* ScanItemViewController.swift */ = {isa = PBXFileReference; fileEncoding = 4; lastKnownFileType = sourcecode.swift; path = ScanItemViewController.swift; sourceTree = "<group>"; };
		46B9974B1988BA4100854E2C /* Circo-Bridging-Header.h */ = {isa = PBXFileReference; lastKnownFileType = sourcecode.c.h; path = "Circo-Bridging-Header.h"; sourceTree = "<group>"; };
		46E7F392198F559600EFCF68 /* AudioToolbox.framework */ = {isa = PBXFileReference; lastKnownFileType = wrapper.framework; path = AudioToolbox.framework; sourceTree = "<group>"; };
		46E7F393198F559600EFCF68 /* CFNetwork.framework */ = {isa = PBXFileReference; lastKnownFileType = wrapper.framework; path = CFNetwork.framework; sourceTree = "<group>"; };
		46E7F394198F559600EFCF68 /* CoreGraphics.framework */ = {isa = PBXFileReference; lastKnownFileType = wrapper.framework; path = CoreGraphics.framework; sourceTree = "<group>"; };
		46E7F395198F559600EFCF68 /* CoreLocation.framework */ = {isa = PBXFileReference; lastKnownFileType = wrapper.framework; path = CoreLocation.framework; sourceTree = "<group>"; };
		46E7F396198F559600EFCF68 /* libz.dylib */ = {isa = PBXFileReference; lastKnownFileType = "compiled.mach-o.dylib"; path = libz.dylib; sourceTree = "<group>"; };
		46E7F397198F559600EFCF68 /* MobileCoreServices.framework */ = {isa = PBXFileReference; lastKnownFileType = wrapper.framework; path = MobileCoreServices.framework; sourceTree = "<group>"; };
		46E7F398198F559600EFCF68 /* Parse.framework */ = {isa = PBXFileReference; lastKnownFileType = wrapper.framework; path = Parse.framework; sourceTree = "<group>"; };
		46E7F399198F559600EFCF68 /* QuartzCore.framework */ = {isa = PBXFileReference; lastKnownFileType = wrapper.framework; path = QuartzCore.framework; sourceTree = "<group>"; };
		46E7F39A198F559600EFCF68 /* Security.framework */ = {isa = PBXFileReference; lastKnownFileType = wrapper.framework; path = Security.framework; sourceTree = "<group>"; };
		46E7F39B198F559600EFCF68 /* StoreKit.framework */ = {isa = PBXFileReference; lastKnownFileType = wrapper.framework; path = StoreKit.framework; sourceTree = "<group>"; };
		46E7F39C198F559600EFCF68 /* SystemConfiguration.framework */ = {isa = PBXFileReference; lastKnownFileType = wrapper.framework; path = SystemConfiguration.framework; sourceTree = "<group>"; };
		46EFDD3D198988EE003B93DA /* Info.plist */ = {isa = PBXFileReference; lastKnownFileType = text.plist.xml; path = Info.plist; sourceTree = "<group>"; };
		46EFDD3E198988EE003B93DA /* CircoKit.h */ = {isa = PBXFileReference; lastKnownFileType = sourcecode.c.h; path = CircoKit.h; sourceTree = "<group>"; };
		46EFDD4A198988EE003B93DA /* Info.plist */ = {isa = PBXFileReference; lastKnownFileType = text.plist.xml; path = Info.plist; sourceTree = "<group>"; };
		46EFDD4B198988EE003B93DA /* CircoKitTests.swift */ = {isa = PBXFileReference; lastKnownFileType = sourcecode.swift; path = CircoKitTests.swift; sourceTree = "<group>"; };
		46EFDD5A19898A51003B93DA /* CircoView.swift */ = {isa = PBXFileReference; fileEncoding = 4; lastKnownFileType = sourcecode.swift; path = CircoView.swift; sourceTree = "<group>"; };
		E89A497C551A44D0BEF5C431 /* Pods.xcconfig */ = {isa = PBXFileReference; includeInIndex = 1; lastKnownFileType = text.xcconfig; name = Pods.xcconfig; path = Pods/Pods.xcconfig; sourceTree = "<group>"; };
/* End PBXFileReference section */

/* Begin PBXFrameworksBuildPhase section */
		463467A6198707D90018A419 /* Frameworks */ = {
			isa = PBXFrameworksBuildPhase;
			buildActionMask = 2147483647;
			files = (
				3C9D8F58BD30492C81BBCF0C /* libPods.a in Frameworks */,
				46E7F3A8198F55B000EFCF68 /* AudioToolbox.framework in Frameworks */,
				46E7F3A9198F55B000EFCF68 /* CFNetwork.framework in Frameworks */,
				46E7F3AA198F55B000EFCF68 /* CoreGraphics.framework in Frameworks */,
				46E7F3AB198F55B000EFCF68 /* CoreLocation.framework in Frameworks */,
				46E7F3AC198F55B000EFCF68 /* libz.dylib in Frameworks */,
				46E7F3AD198F55B000EFCF68 /* MobileCoreServices.framework in Frameworks */,
				46E7F3AE198F55B000EFCF68 /* Parse.framework in Frameworks */,
				46E7F3AF198F55B000EFCF68 /* QuartzCore.framework in Frameworks */,
				46E7F3B0198F55B000EFCF68 /* Security.framework in Frameworks */,
				46E7F3B1198F55B000EFCF68 /* StoreKit.framework in Frameworks */,
				46E7F3B2198F55B000EFCF68 /* SystemConfiguration.framework in Frameworks */,
			);
			runOnlyForDeploymentPostprocessing = 0;
		};
		463467B8198707D90018A419 /* Frameworks */ = {
			isa = PBXFrameworksBuildPhase;
			buildActionMask = 2147483647;
			files = (
			);
			runOnlyForDeploymentPostprocessing = 0;
		};
/* End PBXFrameworksBuildPhase section */

/* Begin PBXGroup section */
		19AB7F0F21C24B0983AA5212 /* Frameworks */ = {
			isa = PBXGroup;
			children = (
				46E7F392198F559600EFCF68 /* AudioToolbox.framework */,
				46E7F393198F559600EFCF68 /* CFNetwork.framework */,
				46E7F394198F559600EFCF68 /* CoreGraphics.framework */,
				46E7F395198F559600EFCF68 /* CoreLocation.framework */,
				46E7F396198F559600EFCF68 /* libz.dylib */,
				46E7F397198F559600EFCF68 /* MobileCoreServices.framework */,
				46E7F398198F559600EFCF68 /* Parse.framework */,
				46E7F399198F559600EFCF68 /* QuartzCore.framework */,
				46E7F39A198F559600EFCF68 /* Security.framework */,
				46E7F39B198F559600EFCF68 /* StoreKit.framework */,
				46E7F39C198F559600EFCF68 /* SystemConfiguration.framework */,
				3892223C38FD4F87B2559965 /* libPods.a */,
			);
			name = Frameworks;
			sourceTree = "<group>";
		};
		463467A0198707D90018A419 = {
			isa = PBXGroup;
			children = (
				463467AB198707D90018A419 /* Circo */,
				463467BE198707D90018A419 /* CircoTests */,
				46EFDD3B198988EE003B93DA /* CircoKit */,
				46EFDD48198988EE003B93DA /* CircoKitTests */,
				463467AA198707D90018A419 /* Products */,
				E89A497C551A44D0BEF5C431 /* Pods.xcconfig */,
				19AB7F0F21C24B0983AA5212 /* Frameworks */,
			);
			sourceTree = "<group>";
		};
		463467AA198707D90018A419 /* Products */ = {
			isa = PBXGroup;
			children = (
				463467A9198707D90018A419 /* Circo.app */,
				463467BB198707D90018A419 /* CircoTests.xctest */,
			);
			name = Products;
			sourceTree = "<group>";
		};
		463467AB198707D90018A419 /* Circo */ = {
			isa = PBXGroup;
			children = (
				463467AE198707D90018A419 /* AppDelegate.swift */,
				463467B0198707D90018A419 /* MainMenuViewController.swift */,
				46664E441988820600C34462 /* ScanItemViewController.swift */,
				46EFDD5A19898A51003B93DA /* CircoView.swift */,
				463467B2198707D90018A419 /* Main.storyboard */,
				463467B5198707D90018A419 /* Images.xcassets */,
				463467AC198707D90018A419 /* Supporting Files */,
				46B9974B1988BA4100854E2C /* Circo-Bridging-Header.h */,
			);
			path = Circo;
			sourceTree = "<group>";
		};
		463467AC198707D90018A419 /* Supporting Files */ = {
			isa = PBXGroup;
			children = (
				463467AD198707D90018A419 /* Info.plist */,
			);
			name = "Supporting Files";
			sourceTree = "<group>";
		};
		463467BE198707D90018A419 /* CircoTests */ = {
			isa = PBXGroup;
			children = (
				463467C1198707D90018A419 /* CircoTests.swift */,
				463467BF198707D90018A419 /* Supporting Files */,
			);
			path = CircoTests;
			sourceTree = "<group>";
		};
		463467BF198707D90018A419 /* Supporting Files */ = {
			isa = PBXGroup;
			children = (
				463467C0198707D90018A419 /* Info.plist */,
			);
			name = "Supporting Files";
			sourceTree = "<group>";
		};
		46EFDD3B198988EE003B93DA /* CircoKit */ = {
			isa = PBXGroup;
			children = (
				46EFDD3E198988EE003B93DA /* CircoKit.h */,
				46EFDD3C198988EE003B93DA /* Supporting Files */,
			);
			path = CircoKit;
			sourceTree = "<group>";
		};
		46EFDD3C198988EE003B93DA /* Supporting Files */ = {
			isa = PBXGroup;
			children = (
				46EFDD3D198988EE003B93DA /* Info.plist */,
			);
			name = "Supporting Files";
			sourceTree = "<group>";
		};
		46EFDD48198988EE003B93DA /* CircoKitTests */ = {
			isa = PBXGroup;
			children = (
				46EFDD4B198988EE003B93DA /* CircoKitTests.swift */,
				46EFDD49198988EE003B93DA /* Supporting Files */,
			);
			path = CircoKitTests;
			sourceTree = "<group>";
		};
		46EFDD49198988EE003B93DA /* Supporting Files */ = {
			isa = PBXGroup;
			children = (
				46EFDD4A198988EE003B93DA /* Info.plist */,
			);
			name = "Supporting Files";
			sourceTree = "<group>";
		};
/* End PBXGroup section */

/* Begin PBXNativeTarget section */
		463467A8198707D90018A419 /* Circo */ = {
			isa = PBXNativeTarget;
			buildConfigurationList = 463467C5198707D90018A419 /* Build configuration list for PBXNativeTarget "Circo" */;
			buildPhases = (
				3D4FB7A4A8754007B593A3A0 /* Check Pods Manifest.lock */,
				463467A5198707D90018A419 /* Sources */,
				463467A6198707D90018A419 /* Frameworks */,
				463467A7198707D90018A419 /* Resources */,
				097EE979E4374DE99DE7D624 /* Copy Pods Resources */,
				46EFDD58198988EE003B93DA /* Embed Frameworks */,
			);
			buildRules = (
			);
			dependencies = (
			);
			name = Circo;
			productName = Circo;
			productReference = 463467A9198707D90018A419 /* Circo.app */;
			productType = "com.apple.product-type.application";
		};
		463467BA198707D90018A419 /* CircoTests */ = {
			isa = PBXNativeTarget;
			buildConfigurationList = 463467C8198707D90018A419 /* Build configuration list for PBXNativeTarget "CircoTests" */;
			buildPhases = (
				463467B7198707D90018A419 /* Sources */,
				463467B8198707D90018A419 /* Frameworks */,
				463467B9198707D90018A419 /* Resources */,
			);
			buildRules = (
			);
			dependencies = (
				463467BD198707D90018A419 /* PBXTargetDependency */,
				46CA914F1988C78C009964EE /* PBXTargetDependency */,
				46CA91511988C78C009964EE /* PBXTargetDependency */,
			);
			name = CircoTests;
			productName = CircoTests;
			productReference = 463467BB198707D90018A419 /* CircoTests.xctest */;
			productType = "com.apple.product-type.bundle.unit-test";
		};
/* End PBXNativeTarget section */

/* Begin PBXProject section */
		463467A1198707D90018A419 /* Project object */ = {
			isa = PBXProject;
			attributes = {
				LastUpgradeCheck = 0600;
				ORGANIZATIONNAME = asb;
				TargetAttributes = {
					463467A8198707D90018A419 = {
						CreatedOnToolsVersion = 6.0;
						DevelopmentTeam = JQUR3MJ3GB;
					};
					463467BA198707D90018A419 = {
						CreatedOnToolsVersion = 6.0;
						TestTargetID = 463467A8198707D90018A419;
					};
				};
			};
			buildConfigurationList = 463467A4198707D90018A419 /* Build configuration list for PBXProject "Circo" */;
			compatibilityVersion = "Xcode 3.2";
			developmentRegion = English;
			hasScannedForEncodings = 0;
			knownRegions = (
				en,
				Base,
			);
			mainGroup = 463467A0198707D90018A419;
			productRefGroup = 463467AA198707D90018A419 /* Products */;
			projectDirPath = "";
			projectRoot = "";
			targets = (
				463467A8198707D90018A419 /* Circo */,
				463467BA198707D90018A419 /* CircoTests */,
			);
		};
/* End PBXProject section */

/* Begin PBXResourcesBuildPhase section */
		463467A7198707D90018A419 /* Resources */ = {
			isa = PBXResourcesBuildPhase;
			buildActionMask = 2147483647;
			files = (
				463467B4198707D90018A419 /* Main.storyboard in Resources */,
				463467B6198707D90018A419 /* Images.xcassets in Resources */,
			);
			runOnlyForDeploymentPostprocessing = 0;
		};
		463467B9198707D90018A419 /* Resources */ = {
			isa = PBXResourcesBuildPhase;
			buildActionMask = 2147483647;
			files = (
			);
			runOnlyForDeploymentPostprocessing = 0;
		};
/* End PBXResourcesBuildPhase section */

/* Begin PBXShellScriptBuildPhase section */
		097EE979E4374DE99DE7D624 /* Copy Pods Resources */ = {
			isa = PBXShellScriptBuildPhase;
			buildActionMask = 2147483647;
			files = (
			);
			inputPaths = (
			);
			name = "Copy Pods Resources";
			outputPaths = (
			);
			runOnlyForDeploymentPostprocessing = 0;
			shellPath = /bin/sh;
			shellScript = "\"${SRCROOT}/Pods/Pods-resources.sh\"\n";
			showEnvVarsInLog = 0;
		};
		3D4FB7A4A8754007B593A3A0 /* Check Pods Manifest.lock */ = {
			isa = PBXShellScriptBuildPhase;
			buildActionMask = 2147483647;
			files = (
			);
			inputPaths = (
			);
			name = "Check Pods Manifest.lock";
			outputPaths = (
			);
			runOnlyForDeploymentPostprocessing = 0;
			shellPath = /bin/sh;
			shellScript = "diff \"${PODS_ROOT}/../Podfile.lock\" \"${PODS_ROOT}/Manifest.lock\" > /dev/null\nif [[ $? != 0 ]] ; then\n    cat << EOM\nerror: The sandbox is not in sync with the Podfile.lock. Run 'pod install' or update your CocoaPods installation.\nEOM\n    exit 1\nfi\n";
			showEnvVarsInLog = 0;
		};
/* End PBXShellScriptBuildPhase section */

/* Begin PBXSourcesBuildPhase section */
		463467A5198707D90018A419 /* Sources */ = {
			isa = PBXSourcesBuildPhase;
			buildActionMask = 2147483647;
			files = (
				463467B1198707D90018A419 /* MainMenuViewController.swift in Sources */,
				463467AF198707D90018A419 /* AppDelegate.swift in Sources */,
				46664E451988820600C34462 /* ScanItemViewController.swift in Sources */,
			);
			runOnlyForDeploymentPostprocessing = 0;
		};
		463467B7198707D90018A419 /* Sources */ = {
			isa = PBXSourcesBuildPhase;
			buildActionMask = 2147483647;
			files = (
				463467C2198707D90018A419 /* CircoTests.swift in Sources */,
			);
			runOnlyForDeploymentPostprocessing = 0;
		};
/* End PBXSourcesBuildPhase section */

/* Begin PBXTargetDependency section */
		463467BD198707D90018A419 /* PBXTargetDependency */ = {
			isa = PBXTargetDependency;
			target = 463467A8198707D90018A419 /* Circo */;
			targetProxy = 463467BC198707D90018A419 /* PBXContainerItemProxy */;
		};
		46CA914F1988C78C009964EE /* PBXTargetDependency */ = {
			isa = PBXTargetDependency;
			target = 463467A8198707D90018A419 /* Circo */;
			targetProxy = 46CA914E1988C78C009964EE /* PBXContainerItemProxy */;
		};
		46CA91511988C78C009964EE /* PBXTargetDependency */ = {
			isa = PBXTargetDependency;
			target = 463467A8198707D90018A419 /* Circo */;
			targetProxy = 46CA91501988C78C009964EE /* PBXContainerItemProxy */;
		};
/* End PBXTargetDependency section */

/* Begin PBXVariantGroup section */
		463467B2198707D90018A419 /* Main.storyboard */ = {
			isa = PBXVariantGroup;
			children = (
				463467B3198707D90018A419 /* Base */,
			);
			name = Main.storyboard;
			sourceTree = "<group>";
		};
/* End PBXVariantGroup section */

/* Begin XCBuildConfiguration section */
		463467C3198707D90018A419 /* Debug */ = {
			isa = XCBuildConfiguration;
			buildSettings = {
				ALWAYS_SEARCH_USER_PATHS = NO;
				CLANG_CXX_LANGUAGE_STANDARD = "gnu++0x";
				CLANG_CXX_LIBRARY = "libc++";
				CLANG_ENABLE_MODULES = YES;
				CLANG_ENABLE_OBJC_ARC = YES;
				CLANG_WARN_BOOL_CONVERSION = YES;
				CLANG_WARN_CONSTANT_CONVERSION = YES;
				CLANG_WARN_DIRECT_OBJC_ISA_USAGE = YES_ERROR;
				CLANG_WARN_EMPTY_BODY = YES;
				CLANG_WARN_ENUM_CONVERSION = YES;
				CLANG_WARN_INT_CONVERSION = YES;
				CLANG_WARN_OBJC_ROOT_CLASS = YES_ERROR;
				CLANG_WARN_UNREACHABLE_CODE = YES;
				CLANG_WARN__DUPLICATE_METHOD_MATCH = YES;
				"CODE_SIGN_IDENTITY[sdk=iphoneos*]" = "iPhone Developer";
				COPY_PHASE_STRIP = NO;
				ENABLE_STRICT_OBJC_MSGSEND = YES;
				GCC_C_LANGUAGE_STANDARD = gnu99;
				GCC_DYNAMIC_NO_PIC = NO;
				GCC_OPTIMIZATION_LEVEL = 0;
				GCC_PREPROCESSOR_DEFINITIONS = (
					"DEBUG=1",
					"$(inherited)",
				);
				GCC_SYMBOLS_PRIVATE_EXTERN = NO;
				GCC_WARN_64_TO_32_BIT_CONVERSION = YES;
				GCC_WARN_ABOUT_RETURN_TYPE = YES_ERROR;
				GCC_WARN_UNDECLARED_SELECTOR = YES;
				GCC_WARN_UNINITIALIZED_AUTOS = YES_AGGRESSIVE;
				GCC_WARN_UNUSED_FUNCTION = YES;
				GCC_WARN_UNUSED_VARIABLE = YES;
				IPHONEOS_DEPLOYMENT_TARGET = 7.1;
				METAL_ENABLE_DEBUG_INFO = YES;
				ONLY_ACTIVE_ARCH = YES;
				SDKROOT = iphoneos;
				SWIFT_OPTIMIZATION_LEVEL = "-Onone";
			};
			name = Debug;
		};
		463467C4198707D90018A419 /* Release */ = {
			isa = XCBuildConfiguration;
			buildSettings = {
				ALWAYS_SEARCH_USER_PATHS = NO;
				CLANG_CXX_LANGUAGE_STANDARD = "gnu++0x";
				CLANG_CXX_LIBRARY = "libc++";
				CLANG_ENABLE_MODULES = YES;
				CLANG_ENABLE_OBJC_ARC = YES;
				CLANG_WARN_BOOL_CONVERSION = YES;
				CLANG_WARN_CONSTANT_CONVERSION = YES;
				CLANG_WARN_DIRECT_OBJC_ISA_USAGE = YES_ERROR;
				CLANG_WARN_EMPTY_BODY = YES;
				CLANG_WARN_ENUM_CONVERSION = YES;
				CLANG_WARN_INT_CONVERSION = YES;
				CLANG_WARN_OBJC_ROOT_CLASS = YES_ERROR;
				CLANG_WARN_UNREACHABLE_CODE = YES;
				CLANG_WARN__DUPLICATE_METHOD_MATCH = YES;
				"CODE_SIGN_IDENTITY[sdk=iphoneos*]" = "iPhone Developer";
				COPY_PHASE_STRIP = YES;
				ENABLE_NS_ASSERTIONS = NO;
				ENABLE_STRICT_OBJC_MSGSEND = YES;
				GCC_C_LANGUAGE_STANDARD = gnu99;
				GCC_WARN_64_TO_32_BIT_CONVERSION = YES;
				GCC_WARN_ABOUT_RETURN_TYPE = YES_ERROR;
				GCC_WARN_UNDECLARED_SELECTOR = YES;
				GCC_WARN_UNINITIALIZED_AUTOS = YES_AGGRESSIVE;
				GCC_WARN_UNUSED_FUNCTION = YES;
				GCC_WARN_UNUSED_VARIABLE = YES;
				IPHONEOS_DEPLOYMENT_TARGET = 7.1;
				METAL_ENABLE_DEBUG_INFO = NO;
				SDKROOT = iphoneos;
				VALIDATE_PRODUCT = YES;
			};
			name = Release;
		};
		463467C6198707D90018A419 /* Debug */ = {
			isa = XCBuildConfiguration;
			baseConfigurationReference = E89A497C551A44D0BEF5C431 /* Pods.xcconfig */;
			buildSettings = {
				ASSETCATALOG_COMPILER_APPICON_NAME = AppIcon;
				ASSETCATALOG_COMPILER_LAUNCHIMAGE_NAME = LaunchImage;
				CLANG_ENABLE_MODULES = YES;
				CODE_SIGN_IDENTITY = "iPhone Developer";
				FRAMEWORK_SEARCH_PATHS = (
					"$(inherited)",
					"$(PROJECT_DIR)",
				);
				INFOPLIST_FILE = Circo/Info.plist;
				IPHONEOS_DEPLOYMENT_TARGET = 7.1;
				LD_RUNPATH_SEARCH_PATHS = "$(inherited) @executable_path/Frameworks";
				LIBRARY_SEARCH_PATHS = (
					"$(inherited)",
					"$(PROJECT_DIR)",
				);
				PRODUCT_NAME = "$(TARGET_NAME)";
				SWIFT_OBJC_BRIDGING_HEADER = "Circo/Circo-Bridging-Header.h";
				SWIFT_OPTIMIZATION_LEVEL = "-Onone";
			};
			name = Debug;
		};
		463467C7198707D90018A419 /* Release */ = {
			isa = XCBuildConfiguration;
			baseConfigurationReference = E89A497C551A44D0BEF5C431 /* Pods.xcconfig */;
			buildSettings = {
				ASSETCATALOG_COMPILER_APPICON_NAME = AppIcon;
				ASSETCATALOG_COMPILER_LAUNCHIMAGE_NAME = LaunchImage;
				CLANG_ENABLE_MODULES = YES;
				CODE_SIGN_IDENTITY = "iPhone Developer";
				FRAMEWORK_SEARCH_PATHS = (
					"$(inherited)",
					"$(PROJECT_DIR)",
				);
				INFOPLIST_FILE = Circo/Info.plist;
				IPHONEOS_DEPLOYMENT_TARGET = 7.1;
				LD_RUNPATH_SEARCH_PATHS = "$(inherited) @executable_path/Frameworks";
				LIBRARY_SEARCH_PATHS = (
					"$(inherited)",
					"$(PROJECT_DIR)",
				);
				PRODUCT_NAME = "$(TARGET_NAME)";
				SWIFT_OBJC_BRIDGING_HEADER = "Circo/Circo-Bridging-Header.h";
			};
			name = Release;
		};
		463467C9198707D90018A419 /* Debug */ = {
			isa = XCBuildConfiguration;
			buildSettings = {
				BUNDLE_LOADER = "$(BUILT_PRODUCTS_DIR)/Circo.app/Circo";
				FRAMEWORK_SEARCH_PATHS = (
					"$(SDKROOT)/Developer/Library/Frameworks",
					"$(inherited)",
				);
				GCC_PREPROCESSOR_DEFINITIONS = (
					"DEBUG=1",
					"$(inherited)",
				);
				INFOPLIST_FILE = CircoTests/Info.plist;
				LD_RUNPATH_SEARCH_PATHS = "$(inherited) @executable_path/Frameworks @loader_path/Frameworks";
				METAL_ENABLE_DEBUG_INFO = YES;
				PRODUCT_NAME = "$(TARGET_NAME)";
				TEST_HOST = "$(BUNDLE_LOADER)";
			};
			name = Debug;
		};
		463467CA198707D90018A419 /* Release */ = {
			isa = XCBuildConfiguration;
			buildSettings = {
				BUNDLE_LOADER = "$(BUILT_PRODUCTS_DIR)/Circo.app/Circo";
				FRAMEWORK_SEARCH_PATHS = (
					"$(SDKROOT)/Developer/Library/Frameworks",
					"$(inherited)",
				);
				INFOPLIST_FILE = CircoTests/Info.plist;
				LD_RUNPATH_SEARCH_PATHS = "$(inherited) @executable_path/Frameworks @loader_path/Frameworks";
				METAL_ENABLE_DEBUG_INFO = NO;
				PRODUCT_NAME = "$(TARGET_NAME)";
				TEST_HOST = "$(BUNDLE_LOADER)";
			};
			name = Release;
		};
/* End XCBuildConfiguration section */

/* Begin XCConfigurationList section */
		463467A4198707D90018A419 /* Build configuration list for PBXProject "Circo" */ = {
			isa = XCConfigurationList;
			buildConfigurations = (
				463467C3198707D90018A419 /* Debug */,
				463467C4198707D90018A419 /* Release */,
			);
			defaultConfigurationIsVisible = 0;
			defaultConfigurationName = Release;
		};
		463467C5198707D90018A419 /* Build configuration list for PBXNativeTarget "Circo" */ = {
			isa = XCConfigurationList;
			buildConfigurations = (
				463467C6198707D90018A419 /* Debug */,
				463467C7198707D90018A419 /* Release */,
			);
			defaultConfigurationIsVisible = 0;
			defaultConfigurationName = Release;
		};
		463467C8198707D90018A419 /* Build configuration list for PBXNativeTarget "CircoTests" */ = {
			isa = XCConfigurationList;
			buildConfigurations = (
				463467C9198707D90018A419 /* Debug */,
				463467CA198707D90018A419 /* Release */,
			);
			defaultConfigurationIsVisible = 0;
			defaultConfigurationName = Release;
		};
/* End XCConfigurationList section */
	};
	rootObject = 463467A1198707D90018A419 /* Project object */;
}
